
Microsoft Visual Studio Solution File, Format Version 12.00
# Visual Studio 15
VisualStudioVersion = 15.0.28307.572
MinimumVisualStudioVersion = 10.0.40219.1
Project("{FAE04EC0-301F-11D3-BF4B-00C04F79EFBC}") = "TabViewSample.Android", "TabViewSample\TabViewSample.Android\TabViewSample.Android.csproj", "{41BA575E-5C09-4B6A-BD1F-D9E89A957B95}"
EndProject
Project("{FAE04EC0-301F-11D3-BF4B-00C04F79EFBC}") = "TabViewSample.iOS", "TabViewSample\TabViewSample.iOS\TabViewSample.iOS.csproj", "{3360BD44-8A14-41F4-A0D2-B4E76D5D5963}"
EndProject
Project("{9A19103F-16F7-4668-BE54-9A1E7A4F7556}") = "TabViewSample", "TabViewSample\TabViewSample\TabViewSample.csproj", "{0C4D6908-2537-4420-A72D-5674F0F4B89E}"
EndProject
Project("{9A19103F-16F7-4668-BE54-9A1E7A4F7556}") = "Xam.TabView", "..\..\Xam.TabView\Xam.TabView.csproj", "{3A111EDF-EE67-4F02-99A6-08C8BE83A328}"
EndProject
Global
	GlobalSection(SolutionConfigurationPlatforms) = preSolution
		Ad-Hoc|Any CPU = Ad-Hoc|Any CPU
		Ad-Hoc|iPhone = Ad-Hoc|iPhone
		Ad-Hoc|iPhoneSimulator = Ad-Hoc|iPhoneSimulator
		AppStore|Any CPU = AppStore|Any CPU
		AppStore|iPhone = AppStore|iPhone
		AppStore|iPhoneSimulator = AppStore|iPhoneSimulator
		Debug|Any CPU = Debug|Any CPU
		Debug|iPhone = Debug|iPhone
		Debug|iPhoneSimulator = Debug|iPhoneSimulator
		Release|Any CPU = Release|Any CPU
		Release|iPhone = Release|iPhone
		Release|iPhoneSimulator = Release|iPhoneSimulator
	EndGlobalSection
	GlobalSection(ProjectConfigurationPlatforms) = postSolution
		{41BA575E-5C09-4B6A-BD1F-D9E89A957B95}.Ad-Hoc|Any CPU.ActiveCfg = Release|Any CPU
		{41BA575E-5C09-4B6A-BD1F-D9E89A957B95}.Ad-Hoc|Any CPU.Build.0 = Release|Any CPU
		{41BA575E-5C09-4B6A-BD1F-D9E89A957B95}.Ad-Hoc|Any CPU.Deploy.0 = Release|Any CPU
		{41BA575E-5C09-4B6A-BD1F-D9E89A957B95}.Ad-Hoc|iPhone.ActiveCfg = Release|Any CPU
		{41BA575E-5C09-4B6A-BD1F-D9E89A957B95}.Ad-Hoc|iPhone.Build.0 = Release|Any CPU
		{41BA575E-5C09-4B6A-BD1F-D9E89A957B95}.Ad-Hoc|iPhone.Deploy.0 = Release|Any CPU
		{41BA575E-5C09-4B6A-BD1F-D9E89A957B95}.Ad-Hoc|iPhoneSimulator.ActiveCfg = Release|Any CPU
		{41BA575E-5C09-4B6A-BD1F-D9E89A957B95}.Ad-Hoc|iPhoneSimulator.Build.0 = Release|Any CPU
		{41BA575E-5C09-4B6A-BD1F-D9E89A957B95}.Ad-Hoc|iPhoneSimulator.Deploy.0 = Release|Any CPU
		{41BA575E-5C09-4B6A-BD1F-D9E89A957B95}.AppStore|Any CPU.ActiveCfg = Release|Any CPU
		{41BA575E-5C09-4B6A-BD1F-D9E89A957B95}.AppStore|Any CPU.Build.0 = Release|Any CPU
		{41BA575E-5C09-4B6A-BD1F-D9E89A957B95}.AppStore|Any CPU.Deploy.0 = Release|Any CPU
		{41BA575E-5C09-4B6A-BD1F-D9E89A957B95}.AppStore|iPhone.ActiveCfg = Release|Any CPU
		{41BA575E-5C09-4B6A-BD1F-D9E89A957B95}.AppStore|iPhone.Build.0 = Release|Any CPU
		{41BA575E-5C09-4B6A-BD1F-D9E89A957B95}.AppStore|iPhone.Deploy.0 = Release|Any CPU
		{41BA575E-5C09-4B6A-BD1F-D9E89A957B95}.AppStore|iPhoneSimulator.ActiveCfg = Release|Any CPU
		{41BA575E-5C09-4B6A-BD1F-D9E89A957B95}.AppStore|iPhoneSimulator.Build.0 = Release|Any CPU
		{41BA575E-5C09-4B6A-BD1F-D9E89A957B95}.AppStore|iPhoneSimulator.Deploy.0 = Release|Any CPU
		{41BA575E-5C09-4B6A-BD1F-D9E89A957B95}.Debug|Any CPU.ActiveCfg = Debug|Any CPU
		{41BA575E-5C09-4B6A-BD1F-D9E89A957B95}.Debug|Any CPU.Build.0 = Debug|Any CPU
		{41BA575E-5C09-4B6A-BD1F-D9E89A957B95}.Debug|Any CPU.Deploy.0 = Debug|Any CPU
		{41BA575E-5C09-4B6A-BD1F-D9E89A957B95}.Debug|iPhone.ActiveCfg = Debug|Any CPU
		{41BA575E-5C09-4B6A-BD1F-D9E89A957B95}.Debug|iPhone.Build.0 = Debug|Any CPU
		{41BA575E-5C09-4B6A-BD1F-D9E89A957B95}.Debug|iPhone.Deploy.0 = Debug|Any CPU
		{41BA575E-5C09-4B6A-BD1F-D9E89A957B95}.Debug|iPhoneSimulator.ActiveCfg = Debug|Any CPU
		{41BA575E-5C09-4B6A-BD1F-D9E89A957B95}.Debug|iPhoneSimulator.Build.0 = Debug|Any CPU
		{41BA575E-5C09-4B6A-BD1F-D9E89A957B95}.Debug|iPhoneSimulator.Deploy.0 = Debug|Any CPU
		{41BA575E-5C09-4B6A-BD1F-D9E89A957B95}.Release|Any CPU.ActiveCfg = Release|Any CPU
		{41BA575E-5C09-4B6A-BD1F-D9E89A957B95}.Release|Any CPU.Build.0 = Release|Any CPU
		{41BA575E-5C09-4B6A-BD1F-D9E89A957B95}.Release|Any CPU.Deploy.0 = Release|Any CPU
		{41BA575E-5C09-4B6A-BD1F-D9E89A957B95}.Release|iPhone.ActiveCfg = Release|Any CPU
		{41BA575E-5C09-4B6A-BD1F-D9E89A957B95}.Release|iPhone.Build.0 = Release|Any CPU
		{41BA575E-5C09-4B6A-BD1F-D9E89A957B95}.Release|iPhone.Deploy.0 = Release|Any CPU
		{41BA575E-5C09-4B6A-BD1F-D9E89A957B95}.Release|iPhoneSimulator.ActiveCfg = Release|Any CPU
		{41BA575E-5C09-4B6A-BD1F-D9E89A957B95}.Release|iPhoneSimulator.Build.0 = Release|Any CPU
		{41BA575E-5C09-4B6A-BD1F-D9E89A957B95}.Release|iPhoneSimulator.Deploy.0 = Release|Any CPU
		{3360BD44-8A14-41F4-A0D2-B4E76D5D5963}.Ad-Hoc|Any CPU.ActiveCfg = Ad-Hoc|iPhone
		{3360BD44-8A14-41F4-A0D2-B4E76D5D5963}.Ad-Hoc|Any CPU.Build.0 = Ad-Hoc|iPhone
		{3360BD44-8A14-41F4-A0D2-B4E76D5D5963}.Ad-Hoc|Any CPU.Deploy.0 = Ad-Hoc|iPhone
		{3360BD44-8A14-41F4-A0D2-B4E76D5D5963}.Ad-Hoc|iPhone.ActiveCfg = Ad-Hoc|iPhone
		{3360BD44-8A14-41F4-A0D2-B4E76D5D5963}.Ad-Hoc|iPhone.Build.0 = Ad-Hoc|iPhone
		{3360BD44-8A14-41F4-A0D2-B4E76D5D5963}.Ad-Hoc|iPhone.Deploy.0 = Ad-Hoc|iPhone
		{3360BD44-8A14-41F4-A0D2-B4E76D5D5963}.Ad-Hoc|iPhoneSimulator.ActiveCfg = Ad-Hoc|iPhoneSimulator
		{3360BD44-8A14-41F4-A0D2-B4E76D5D5963}.Ad-Hoc|iPhoneSimulator.Build.0 = Ad-Hoc|iPhoneSimulator
		{3360BD44-8A14-41F4-A0D2-B4E76D5D5963}.Ad-Hoc|iPhoneSimulator.Deploy.0 = Ad-Hoc|iPhoneSimulator
		{3360BD44-8A14-41F4-A0D2-B4E76D5D5963}.AppStore|Any CPU.ActiveCfg = AppStore|iPhone
		{3360BD44-8A14-41F4-A0D2-B4E76D5D5963}.AppStore|Any CPU.Build.0 = AppStore|iPhone
		{3360BD44-8A14-41F4-A0D2-B4E76D5D5963}.AppStore|Any CPU.Deploy.0 = AppStore|iPhone
		{3360BD44-8A14-41F4-A0D2-B4E76D5D5963}.AppStore|iPhone.ActiveCfg = AppStore|iPhone
		{3360BD44-8A14-41F4-A0D2-B4E76D5D5963}.AppStore|iPhone.Build.0 = AppStore|iPhone
		{3360BD44-8A14-41F4-A0D2-B4E76D5D5963}.AppStore|iPhone.Deploy.0 = AppStore|iPhone
		{3360BD44-8A14-41F4-A0D2-B4E76D5D5963}.AppStore|iPhoneSimulator.ActiveCfg = AppStore|iPhoneSimulator
		{3360BD44-8A14-41F4-A0D2-B4E76D5D5963}.AppStore|iPhoneSimulator.Build.0 = AppStore|iPhoneSimulator
		{3360BD44-8A14-41F4-A0D2-B4E76D5D5963}.AppStore|iPhoneSimulator.Deploy.0 = AppStore|iPhoneSimulator
		{3360BD44-8A14-41F4-A0D2-B4E76D5D5963}.Debug|Any CPU.ActiveCfg = Debug|iPhoneSimulator
		{3360BD44-8A14-41F4-A0D2-B4E76D5D5963}.Debug|Any CPU.Build.0 = Debug|iPhoneSimulator
		{3360BD44-8A14-41F4-A0D2-B4E76D5D5963}.Debug|Any CPU.Deploy.0 = Debug|iPhoneSimulator
		{3360BD44-8A14-41F4-A0D2-B4E76D5D5963}.Debug|iPhone.ActiveCfg = Debug|iPhone
		{3360BD44-8A14-41F4-A0D2-B4E76D5D5963}.Debug|iPhone.Build.0 = Debug|iPhone
		{3360BD44-8A14-41F4-A0D2-B4E76D5D5963}.Debug|iPhone.Deploy.0 = Debug|iPhone
		{3360BD44-8A14-41F4-A0D2-B4E76D5D5963}.Debug|iPhoneSimulator.ActiveCfg = Debug|iPhoneSimulator
		{3360BD44-8A14-41F4-A0D2-B4E76D5D5963}.Debug|iPhoneSimulator.Build.0 = Debug|iPhoneSimulator
		{3360BD44-8A14-41F4-A0D2-B4E76D5D5963}.Debug|iPhoneSimulator.Deploy.0 = Debug|iPhoneSimulator
		{3360BD44-8A14-41F4-A0D2-B4E76D5D5963}.Release|Any CPU.ActiveCfg = Release|iPhone
		{3360BD44-8A14-41F4-A0D2-B4E76D5D5963}.Release|Any CPU.Build.0 = Release|iPhone
		{3360BD44-8A14-41F4-A0D2-B4E76D5D5963}.Release|Any CPU.Deploy.0 = Release|iPhone
		{3360BD44-8A14-41F4-A0D2-B4E76D5D5963}.Release|iPhone.ActiveCfg = Release|iPhone
		{3360BD44-8A14-41F4-A0D2-B4E76D5D5963}.Release|iPhone.Build.0 = Release|iPhone
		{3360BD44-8A14-41F4-A0D2-B4E76D5D5963}.Release|iPhone.Deploy.0 = Release|iPhone
		{3360BD44-8A14-41F4-A0D2-B4E76D5D5963}.Release|iPhoneSimulator.ActiveCfg = Release|iPhoneSimulator
		{3360BD44-8A14-41F4-A0D2-B4E76D5D5963}.Release|iPhoneSimulator.Build.0 = Release|iPhoneSimulator
		{3360BD44-8A14-41F4-A0D2-B4E76D5D5963}.Release|iPhoneSimulator.Deploy.0 = Release|iPhoneSimulator
		{0C4D6908-2537-4420-A72D-5674F0F4B89E}.Ad-Hoc|Any CPU.ActiveCfg = Debug|Any CPU
		{0C4D6908-2537-4420-A72D-5674F0F4B89E}.Ad-Hoc|Any CPU.Build.0 = Debug|Any CPU
		{0C4D6908-2537-4420-A72D-5674F0F4B89E}.Ad-Hoc|Any CPU.Deploy.0 = Debug|Any CPU
		{0C4D6908-2537-4420-A72D-5674F0F4B89E}.Ad-Hoc|iPhone.ActiveCfg = Debug|Any CPU
		{0C4D6908-2537-4420-A72D-5674F0F4B89E}.Ad-Hoc|iPhone.Build.0 = Debug|Any CPU
		{0C4D6908-2537-4420-A72D-5674F0F4B89E}.Ad-Hoc|iPhone.Deploy.0 = Debug|Any CPU
		{0C4D6908-2537-4420-A72D-5674F0F4B89E}.Ad-Hoc|iPhoneSimulator.ActiveCfg = Debug|Any CPU
		{0C4D6908-2537-4420-A72D-5674F0F4B89E}.Ad-Hoc|iPhoneSimulator.Build.0 = Debug|Any CPU
		{0C4D6908-2537-4420-A72D-5674F0F4B89E}.Ad-Hoc|iPhoneSimulator.Deploy.0 = Debug|Any CPU
		{0C4D6908-2537-4420-A72D-5674F0F4B89E}.AppStore|Any CPU.ActiveCfg = Debug|Any CPU
		{0C4D6908-2537-4420-A72D-5674F0F4B89E}.AppStore|Any CPU.Build.0 = Debug|Any CPU
		{0C4D6908-2537-4420-A72D-5674F0F4B89E}.AppStore|Any CPU.Deploy.0 = Debug|Any CPU
		{0C4D6908-2537-4420-A72D-5674F0F4B89E}.AppStore|iPhone.ActiveCfg = Debug|Any CPU
		{0C4D6908-2537-4420-A72D-5674F0F4B89E}.AppStore|iPhone.Build.0 = Debug|Any CPU
		{0C4D6908-2537-4420-A72D-5674F0F4B89E}.AppStore|iPhone.Deploy.0 = Debug|Any CPU
		{0C4D6908-2537-4420-A72D-5674F0F4B89E}.AppStore|iPhoneSimulator.ActiveCfg = Debug|Any CPU
		{0C4D6908-2537-4420-A72D-5674F0F4B89E}.AppStore|iPhoneSimulator.Build.0 = Debug|Any CPU
		{0C4D6908-2537-4420-A72D-5674F0F4B89E}.AppStore|iPhoneSimulator.Deploy.0 = Debug|Any CPU
		{0C4D6908-2537-4420-A72D-5674F0F4B89E}.Debug|Any CPU.ActiveCfg = Debug|Any CPU
		{0C4D6908-2537-4420-A72D-5674F0F4B89E}.Debug|Any CPU.Build.0 = Debug|Any CPU
		{0C4D6908-2537-4420-A72D-5674F0F4B89E}.Debug|Any CPU.Deploy.0 = Debug|Any CPU
		{0C4D6908-2537-4420-A72D-5674F0F4B89E}.Debug|iPhone.ActiveCfg = Debug|Any CPU
		{0C4D6908-2537-4420-A72D-5674F0F4B89E}.Debug|iPhone.Build.0 = Debug|Any CPU
		{0C4D6908-2537-4420-A72D-5674F0F4B89E}.Debug|iPhone.Deploy.0 = Debug|Any CPU
		{0C4D6908-2537-4420-A72D-5674F0F4B89E}.Debug|iPhoneSimulator.ActiveCfg = Debug|Any CPU
		{0C4D6908-2537-4420-A72D-5674F0F4B89E}.Debug|iPhoneSimulator.Build.0 = Debug|Any CPU
		{0C4D6908-2537-4420-A72D-5674F0F4B89E}.Debug|iPhoneSimulator.Deploy.0 = Debug|Any CPU
		{0C4D6908-2537-4420-A72D-5674F0F4B89E}.Release|Any CPU.ActiveCfg = Release|Any CPU
		{0C4D6908-2537-4420-A72D-5674F0F4B89E}.Release|Any CPU.Build.0 = Release|Any CPU
		{0C4D6908-2537-4420-A72D-5674F0F4B89E}.Release|Any CPU.Deploy.0 = Release|Any CPU
		{0C4D6908-2537-4420-A72D-5674F0F4B89E}.Release|iPhone.ActiveCfg = Release|Any CPU
		{0C4D6908-2537-4420-A72D-5674F0F4B89E}.Release|iPhone.Build.0 = Release|Any CPU
		{0C4D6908-2537-4420-A72D-5674F0F4B89E}.Release|iPhone.Deploy.0 = Release|Any CPU
		{0C4D6908-2537-4420-A72D-5674F0F4B89E}.Release|iPhoneSimulator.ActiveCfg = Release|Any CPU
		{0C4D6908-2537-4420-A72D-5674F0F4B89E}.Release|iPhoneSimulator.Build.0 = Release|Any CPU
		{0C4D6908-2537-4420-A72D-5674F0F4B89E}.Release|iPhoneSimulator.Deploy.0 = Release|Any CPU
		{3A111EDF-EE67-4F02-99A6-08C8BE83A328}.Ad-Hoc|Any CPU.ActiveCfg = Debug|Any CPU
		{3A111EDF-EE67-4F02-99A6-08C8BE83A328}.Ad-Hoc|Any CPU.Build.0 = Debug|Any CPU
		{3A111EDF-EE67-4F02-99A6-08C8BE83A328}.Ad-Hoc|iPhone.ActiveCfg = Debug|Any CPU
		{3A111EDF-EE67-4F02-99A6-08C8BE83A328}.Ad-Hoc|iPhone.Build.0 = Debug|Any CPU
		{3A111EDF-EE67-4F02-99A6-08C8BE83A328}.Ad-Hoc|iPhoneSimulator.ActiveCfg = Debug|Any CPU
		{3A111EDF-EE67-4F02-99A6-08C8BE83A328}.Ad-Hoc|iPhoneSimulator.Build.0 = Debug|Any CPU
		{3A111EDF-EE67-4F02-99A6-08C8BE83A328}.AppStore|Any CPU.ActiveCfg = Debug|Any CPU
		{3A111EDF-EE67-4F02-99A6-08C8BE83A328}.AppStore|Any CPU.Build.0 = Debug|Any CPU
		{3A111EDF-EE67-4F02-99A6-08C8BE83A328}.AppStore|iPhone.ActiveCfg = Debug|Any CPU
		{3A111EDF-EE67-4F02-99A6-08C8BE83A328}.AppStore|iPhone.Build.0 = Debug|Any CPU
		{3A111EDF-EE67-4F02-99A6-08C8BE83A328}.AppStore|iPhoneSimulator.ActiveCfg = Debug|Any CPU
		{3A111EDF-EE67-4F02-99A6-08C8BE83A328}.AppStore|iPhoneSimulator.Build.0 = Debug|Any CPU
		{3A111EDF-EE67-4F02-99A6-08C8BE83A328}.Debug|Any CPU.ActiveCfg = Debug|Any CPU
		{3A111EDF-EE67-4F02-99A6-08C8BE83A328}.Debug|Any CPU.Build.0 = Debug|Any CPU
		{3A111EDF-EE67-4F02-99A6-08C8BE83A328}.Debug|iPhone.ActiveCfg = Debug|Any CPU
		{3A111EDF-EE67-4F02-99A6-08C8BE83A328}.Debug|iPhone.Build.0 = Debug|Any CPU
		{3A111EDF-EE67-4F02-99A6-08C8BE83A328}.Debug|iPhoneSimulator.ActiveCfg = Debug|Any CPU
		{3A111EDF-EE67-4F02-99A6-08C8BE83A328}.Debug|iPhoneSimulator.Build.0 = Debug|Any CPU
		{3A111EDF-EE67-4F02-99A6-08C8BE83A328}.Release|Any CPU.ActiveCfg = Release|Any CPU
		{3A111EDF-EE67-4F02-99A6-08C8BE83A328}.Release|Any CPU.Build.0 = Release|Any CPU
		{3A111EDF-EE67-4F02-99A6-08C8BE83A328}.Release|iPhone.ActiveCfg = Release|Any CPU
		{3A111EDF-EE67-4F02-99A6-08C8BE83A328}.Release|iPhone.Build.0 = Release|Any CPU
		{3A111EDF-EE67-4F02-99A6-08C8BE83A328}.Release|iPhoneSimulator.ActiveCfg = Release|Any CPU
		{3A111EDF-EE67-4F02-99A6-08C8BE83A328}.Release|iPhoneSimulator.Build.0 = Release|Any CPU
	EndGlobalSection
	GlobalSection(SolutionProperties) = preSolution
		HideSolutionNode = FALSE
	EndGlobalSection
	GlobalSection(ExtensibilityGlobals) = postSolution
		SolutionGuid = {FEB93B7D-D347-4E8B-8587-6FB4C8A2508B}
	EndGlobalSection
EndGlobal
