
Microsoft Visual Studio Solution File, Format Version 12.00
# Visual Studio 15
VisualStudioVersion = 15.0.28307.572
MinimumVisualStudioVersion = 10.0.40219.1
Project("{FAE04EC0-301F-11D3-BF4B-00C04F79EFBC}") = "XamSample.Android", "XamSample\XamSample.Android\XamSample.Android.csproj", "{18255118-04CE-4253-B6A1-5C060351CB0A}"
EndProject
Project("{FAE04EC0-301F-11D3-BF4B-00C04F79EFBC}") = "XamSample.iOS", "XamSample\XamSample.iOS\XamSample.iOS.csproj", "{523997A5-2851-42C6-967E-002606A28C07}"
EndProject
Project("{FAE04EC0-301F-11D3-BF4B-00C04F79EFBC}") = "XamSample", "XamSample\XamSample\XamSample.csproj", "{76A3D6DD-F2E8-45D1-A67A-6A3182052C97}"
EndProject
Global
	GlobalSection(SolutionConfigurationPlatforms) = preSolution
		Ad-Hoc|Any CPU = Ad-Hoc|Any CPU
		Ad-Hoc|iPhone = Ad-Hoc|iPhone
		Ad-Hoc|iPhoneSimulator = Ad-Hoc|iPhoneSimulator
		AppStore|Any CPU = AppStore|Any CPU
		AppStore|iPhone = AppStore|iPhone
		AppStore|iPhoneSimulator = AppStore|iPhoneSimulator
		Debug|Any CPU = Debug|Any CPU
		Debug|iPhone = Debug|iPhone
		Debug|iPhoneSimulator = Debug|iPhoneSimulator
		Release|Any CPU = Release|Any CPU
		Release|iPhone = Release|iPhone
		Release|iPhoneSimulator = Release|iPhoneSimulator
	EndGlobalSection
	GlobalSection(ProjectConfigurationPlatforms) = postSolution
		{18255118-04CE-4253-B6A1-5C060351CB0A}.Ad-Hoc|Any CPU.ActiveCfg = Release|Any CPU
		{18255118-04CE-4253-B6A1-5C060351CB0A}.Ad-Hoc|Any CPU.Build.0 = Release|Any CPU
		{18255118-04CE-4253-B6A1-5C060351CB0A}.Ad-Hoc|Any CPU.Deploy.0 = Release|Any CPU
		{18255118-04CE-4253-B6A1-5C060351CB0A}.Ad-Hoc|iPhone.ActiveCfg = Release|Any CPU
		{18255118-04CE-4253-B6A1-5C060351CB0A}.Ad-Hoc|iPhone.Build.0 = Release|Any CPU
		{18255118-04CE-4253-B6A1-5C060351CB0A}.Ad-Hoc|iPhone.Deploy.0 = Release|Any CPU
		{18255118-04CE-4253-B6A1-5C060351CB0A}.Ad-Hoc|iPhoneSimulator.ActiveCfg = Release|Any CPU
		{18255118-04CE-4253-B6A1-5C060351CB0A}.Ad-Hoc|iPhoneSimulator.Build.0 = Release|Any CPU
		{18255118-04CE-4253-B6A1-5C060351CB0A}.Ad-Hoc|iPhoneSimulator.Deploy.0 = Release|Any CPU
		{18255118-04CE-4253-B6A1-5C060351CB0A}.AppStore|Any CPU.ActiveCfg = Release|Any CPU
		{18255118-04CE-4253-B6A1-5C060351CB0A}.AppStore|Any CPU.Build.0 = Release|Any CPU
		{18255118-04CE-4253-B6A1-5C060351CB0A}.AppStore|Any CPU.Deploy.0 = Release|Any CPU
		{18255118-04CE-4253-B6A1-5C060351CB0A}.AppStore|iPhone.ActiveCfg = Release|Any CPU
		{18255118-04CE-4253-B6A1-5C060351CB0A}.AppStore|iPhone.Build.0 = Release|Any CPU
		{18255118-04CE-4253-B6A1-5C060351CB0A}.AppStore|iPhone.Deploy.0 = Release|Any CPU
		{18255118-04CE-4253-B6A1-5C060351CB0A}.AppStore|iPhoneSimulator.ActiveCfg = Release|Any CPU
		{18255118-04CE-4253-B6A1-5C060351CB0A}.AppStore|iPhoneSimulator.Build.0 = Release|Any CPU
		{18255118-04CE-4253-B6A1-5C060351CB0A}.AppStore|iPhoneSimulator.Deploy.0 = Release|Any CPU
		{18255118-04CE-4253-B6A1-5C060351CB0A}.Debug|Any CPU.ActiveCfg = Debug|Any CPU
		{18255118-04CE-4253-B6A1-5C060351CB0A}.Debug|Any CPU.Build.0 = Debug|Any CPU
		{18255118-04CE-4253-B6A1-5C060351CB0A}.Debug|Any CPU.Deploy.0 = Debug|Any CPU
		{18255118-04CE-4253-B6A1-5C060351CB0A}.Debug|iPhone.ActiveCfg = Debug|Any CPU
		{18255118-04CE-4253-B6A1-5C060351CB0A}.Debug|iPhone.Build.0 = Debug|Any CPU
		{18255118-04CE-4253-B6A1-5C060351CB0A}.Debug|iPhone.Deploy.0 = Debug|Any CPU
		{18255118-04CE-4253-B6A1-5C060351CB0A}.Debug|iPhoneSimulator.ActiveCfg = Debug|Any CPU
		{18255118-04CE-4253-B6A1-5C060351CB0A}.Debug|iPhoneSimulator.Build.0 = Debug|Any CPU
		{18255118-04CE-4253-B6A1-5C060351CB0A}.Debug|iPhoneSimulator.Deploy.0 = Debug|Any CPU
		{18255118-04CE-4253-B6A1-5C060351CB0A}.Release|Any CPU.ActiveCfg = Release|Any CPU
		{18255118-04CE-4253-B6A1-5C060351CB0A}.Release|Any CPU.Build.0 = Release|Any CPU
		{18255118-04CE-4253-B6A1-5C060351CB0A}.Release|Any CPU.Deploy.0 = Release|Any CPU
		{18255118-04CE-4253-B6A1-5C060351CB0A}.Release|iPhone.ActiveCfg = Release|Any CPU
		{18255118-04CE-4253-B6A1-5C060351CB0A}.Release|iPhone.Build.0 = Release|Any CPU
		{18255118-04CE-4253-B6A1-5C060351CB0A}.Release|iPhone.Deploy.0 = Release|Any CPU
		{18255118-04CE-4253-B6A1-5C060351CB0A}.Release|iPhoneSimulator.ActiveCfg = Release|Any CPU
		{18255118-04CE-4253-B6A1-5C060351CB0A}.Release|iPhoneSimulator.Build.0 = Release|Any CPU
		{18255118-04CE-4253-B6A1-5C060351CB0A}.Release|iPhoneSimulator.Deploy.0 = Release|Any CPU
		{523997A5-2851-42C6-967E-002606A28C07}.Ad-Hoc|Any CPU.ActiveCfg = Ad-Hoc|iPhone
		{523997A5-2851-42C6-967E-002606A28C07}.Ad-Hoc|Any CPU.Build.0 = Ad-Hoc|iPhone
		{523997A5-2851-42C6-967E-002606A28C07}.Ad-Hoc|Any CPU.Deploy.0 = Ad-Hoc|iPhone
		{523997A5-2851-42C6-967E-002606A28C07}.Ad-Hoc|iPhone.ActiveCfg = Ad-Hoc|iPhone
		{523997A5-2851-42C6-967E-002606A28C07}.Ad-Hoc|iPhone.Build.0 = Ad-Hoc|iPhone
		{523997A5-2851-42C6-967E-002606A28C07}.Ad-Hoc|iPhone.Deploy.0 = Ad-Hoc|iPhone
		{523997A5-2851-42C6-967E-002606A28C07}.Ad-Hoc|iPhoneSimulator.ActiveCfg = Ad-Hoc|iPhoneSimulator
		{523997A5-2851-42C6-967E-002606A28C07}.Ad-Hoc|iPhoneSimulator.Build.0 = Ad-Hoc|iPhoneSimulator
		{523997A5-2851-42C6-967E-002606A28C07}.Ad-Hoc|iPhoneSimulator.Deploy.0 = Ad-Hoc|iPhoneSimulator
		{523997A5-2851-42C6-967E-002606A28C07}.AppStore|Any CPU.ActiveCfg = AppStore|iPhone
		{523997A5-2851-42C6-967E-002606A28C07}.AppStore|Any CPU.Build.0 = AppStore|iPhone
		{523997A5-2851-42C6-967E-002606A28C07}.AppStore|Any CPU.Deploy.0 = AppStore|iPhone
		{523997A5-2851-42C6-967E-002606A28C07}.AppStore|iPhone.ActiveCfg = AppStore|iPhone
		{523997A5-2851-42C6-967E-002606A28C07}.AppStore|iPhone.Build.0 = AppStore|iPhone
		{523997A5-2851-42C6-967E-002606A28C07}.AppStore|iPhone.Deploy.0 = AppStore|iPhone
		{523997A5-2851-42C6-967E-002606A28C07}.AppStore|iPhoneSimulator.ActiveCfg = AppStore|iPhoneSimulator
		{523997A5-2851-42C6-967E-002606A28C07}.AppStore|iPhoneSimulator.Build.0 = AppStore|iPhoneSimulator
		{523997A5-2851-42C6-967E-002606A28C07}.AppStore|iPhoneSimulator.Deploy.0 = AppStore|iPhoneSimulator
		{523997A5-2851-42C6-967E-002606A28C07}.Debug|Any CPU.ActiveCfg = Debug|iPhoneSimulator
		{523997A5-2851-42C6-967E-002606A28C07}.Debug|Any CPU.Build.0 = Debug|iPhoneSimulator
		{523997A5-2851-42C6-967E-002606A28C07}.Debug|Any CPU.Deploy.0 = Debug|iPhoneSimulator
		{523997A5-2851-42C6-967E-002606A28C07}.Debug|iPhone.ActiveCfg = Debug|iPhone
		{523997A5-2851-42C6-967E-002606A28C07}.Debug|iPhone.Build.0 = Debug|iPhone
		{523997A5-2851-42C6-967E-002606A28C07}.Debug|iPhone.Deploy.0 = Debug|iPhone
		{523997A5-2851-42C6-967E-002606A28C07}.Debug|iPhoneSimulator.ActiveCfg = Debug|iPhoneSimulator
		{523997A5-2851-42C6-967E-002606A28C07}.Debug|iPhoneSimulator.Build.0 = Debug|iPhoneSimulator
		{523997A5-2851-42C6-967E-002606A28C07}.Debug|iPhoneSimulator.Deploy.0 = Debug|iPhoneSimulator
		{523997A5-2851-42C6-967E-002606A28C07}.Release|Any CPU.ActiveCfg = Release|iPhone
		{523997A5-2851-42C6-967E-002606A28C07}.Release|Any CPU.Build.0 = Release|iPhone
		{523997A5-2851-42C6-967E-002606A28C07}.Release|Any CPU.Deploy.0 = Release|iPhone
		{523997A5-2851-42C6-967E-002606A28C07}.Release|iPhone.ActiveCfg = Release|iPhone
		{523997A5-2851-42C6-967E-002606A28C07}.Release|iPhone.Build.0 = Release|iPhone
		{523997A5-2851-42C6-967E-002606A28C07}.Release|iPhone.Deploy.0 = Release|iPhone
		{523997A5-2851-42C6-967E-002606A28C07}.Release|iPhoneSimulator.ActiveCfg = Release|iPhoneSimulator
		{523997A5-2851-42C6-967E-002606A28C07}.Release|iPhoneSimulator.Build.0 = Release|iPhoneSimulator
		{523997A5-2851-42C6-967E-002606A28C07}.Release|iPhoneSimulator.Deploy.0 = Release|iPhoneSimulator
		{76A3D6DD-F2E8-45D1-A67A-6A3182052C97}.Ad-Hoc|Any CPU.ActiveCfg = Debug|Any CPU
		{76A3D6DD-F2E8-45D1-A67A-6A3182052C97}.Ad-Hoc|Any CPU.Build.0 = Debug|Any CPU
		{76A3D6DD-F2E8-45D1-A67A-6A3182052C97}.Ad-Hoc|Any CPU.Deploy.0 = Debug|Any CPU
		{76A3D6DD-F2E8-45D1-A67A-6A3182052C97}.Ad-Hoc|iPhone.ActiveCfg = Debug|Any CPU
		{76A3D6DD-F2E8-45D1-A67A-6A3182052C97}.Ad-Hoc|iPhone.Build.0 = Debug|Any CPU
		{76A3D6DD-F2E8-45D1-A67A-6A3182052C97}.Ad-Hoc|iPhone.Deploy.0 = Debug|Any CPU
		{76A3D6DD-F2E8-45D1-A67A-6A3182052C97}.Ad-Hoc|iPhoneSimulator.ActiveCfg = Debug|Any CPU
		{76A3D6DD-F2E8-45D1-A67A-6A3182052C97}.Ad-Hoc|iPhoneSimulator.Build.0 = Debug|Any CPU
		{76A3D6DD-F2E8-45D1-A67A-6A3182052C97}.Ad-Hoc|iPhoneSimulator.Deploy.0 = Debug|Any CPU
		{76A3D6DD-F2E8-45D1-A67A-6A3182052C97}.AppStore|Any CPU.ActiveCfg = Debug|Any CPU
		{76A3D6DD-F2E8-45D1-A67A-6A3182052C97}.AppStore|Any CPU.Build.0 = Debug|Any CPU
		{76A3D6DD-F2E8-45D1-A67A-6A3182052C97}.AppStore|Any CPU.Deploy.0 = Debug|Any CPU
		{76A3D6DD-F2E8-45D1-A67A-6A3182052C97}.AppStore|iPhone.ActiveCfg = Debug|Any CPU
		{76A3D6DD-F2E8-45D1-A67A-6A3182052C97}.AppStore|iPhone.Build.0 = Debug|Any CPU
		{76A3D6DD-F2E8-45D1-A67A-6A3182052C97}.AppStore|iPhone.Deploy.0 = Debug|Any CPU
		{76A3D6DD-F2E8-45D1-A67A-6A3182052C97}.AppStore|iPhoneSimulator.ActiveCfg = Debug|Any CPU
		{76A3D6DD-F2E8-45D1-A67A-6A3182052C97}.AppStore|iPhoneSimulator.Build.0 = Debug|Any CPU
		{76A3D6DD-F2E8-45D1-A67A-6A3182052C97}.AppStore|iPhoneSimulator.Deploy.0 = Debug|Any CPU
		{76A3D6DD-F2E8-45D1-A67A-6A3182052C97}.Debug|Any CPU.ActiveCfg = Debug|Any CPU
		{76A3D6DD-F2E8-45D1-A67A-6A3182052C97}.Debug|Any CPU.Build.0 = Debug|Any CPU
		{76A3D6DD-F2E8-45D1-A67A-6A3182052C97}.Debug|Any CPU.Deploy.0 = Debug|Any CPU
		{76A3D6DD-F2E8-45D1-A67A-6A3182052C97}.Debug|iPhone.ActiveCfg = Debug|Any CPU
		{76A3D6DD-F2E8-45D1-A67A-6A3182052C97}.Debug|iPhone.Build.0 = Debug|Any CPU
		{76A3D6DD-F2E8-45D1-A67A-6A3182052C97}.Debug|iPhone.Deploy.0 = Debug|Any CPU
		{76A3D6DD-F2E8-45D1-A67A-6A3182052C97}.Debug|iPhoneSimulator.ActiveCfg = Debug|Any CPU
		{76A3D6DD-F2E8-45D1-A67A-6A3182052C97}.Debug|iPhoneSimulator.Build.0 = Debug|Any CPU
		{76A3D6DD-F2E8-45D1-A67A-6A3182052C97}.Debug|iPhoneSimulator.Deploy.0 = Debug|Any CPU
		{76A3D6DD-F2E8-45D1-A67A-6A3182052C97}.Release|Any CPU.ActiveCfg = Release|Any CPU
		{76A3D6DD-F2E8-45D1-A67A-6A3182052C97}.Release|Any CPU.Build.0 = Release|Any CPU
		{76A3D6DD-F2E8-45D1-A67A-6A3182052C97}.Release|Any CPU.Deploy.0 = Release|Any CPU
		{76A3D6DD-F2E8-45D1-A67A-6A3182052C97}.Release|iPhone.ActiveCfg = Release|Any CPU
		{76A3D6DD-F2E8-45D1-A67A-6A3182052C97}.Release|iPhone.Build.0 = Release|Any CPU
		{76A3D6DD-F2E8-45D1-A67A-6A3182052C97}.Release|iPhone.Deploy.0 = Release|Any CPU
		{76A3D6DD-F2E8-45D1-A67A-6A3182052C97}.Release|iPhoneSimulator.ActiveCfg = Release|Any CPU
		{76A3D6DD-F2E8-45D1-A67A-6A3182052C97}.Release|iPhoneSimulator.Build.0 = Release|Any CPU
		{76A3D6DD-F2E8-45D1-A67A-6A3182052C97}.Release|iPhoneSimulator.Deploy.0 = Release|Any CPU
	EndGlobalSection
	GlobalSection(SolutionProperties) = preSolution
		HideSolutionNode = FALSE
	EndGlobalSection
	GlobalSection(ExtensibilityGlobals) = postSolution
		SolutionGuid = {031C4076-19C0-4102-8165-E978CA64CD26}
	EndGlobalSection
EndGlobal
